
Microsoft Visual Studio Solution File, Format Version 12.00
# Visual Studio Version 16
VisualStudioVersion = 16.0.31019.35
MinimumVisualStudioVersion = 10.0.40219.1
Project("{FAE04EC0-301F-11D3-BF4B-00C04F79EFBC}") = "diobank", "diobank\diobank.csproj", "{7F098450-C64D-48C5-92AE-E1990DA133C2}"
EndProject
Project("{FAE04EC0-301F-11D3-BF4B-00C04F79EFBC}") = "diobankTeste", "diobankTeste\diobankTeste.csproj", "{325DDACE-BF08-479B-BE0A-C01FCE1ABE7A}"
EndProject
Global
	GlobalSection(SolutionConfigurationPlatforms) = preSolution
		Debug|Any CPU = Debug|Any CPU
		Release|Any CPU = Release|Any CPU
	EndGlobalSection
	GlobalSection(ProjectConfigurationPlatforms) = postSolution
		{7F098450-C64D-48C5-92AE-E1990DA133C2}.Debug|Any CPU.ActiveCfg = Debug|Any CPU
		{7F098450-C64D-48C5-92AE-E1990DA133C2}.Debug|Any CPU.Build.0 = Debug|Any CPU
		{7F098450-C64D-48C5-92AE-E1990DA133C2}.Release|Any CPU.ActiveCfg = Release|Any CPU
		{7F098450-C64D-48C5-92AE-E1990DA133C2}.Release|Any CPU.Build.0 = Release|Any CPU
		{325DDACE-BF08-479B-BE0A-C01FCE1ABE7A}.Debug|Any CPU.ActiveCfg = Debug|Any CPU
		{325DDACE-BF08-479B-BE0A-C01FCE1ABE7A}.Debug|Any CPU.Build.0 = Debug|Any CPU
		{325DDACE-BF08-479B-BE0A-C01FCE1ABE7A}.Release|Any CPU.ActiveCfg = Release|Any CPU
		{325DDACE-BF08-479B-BE0A-C01FCE1ABE7A}.Release|Any CPU.Build.0 = Release|Any CPU
	EndGlobalSection
	GlobalSection(SolutionProperties) = preSolution
		HideSolutionNode = FALSE
	EndGlobalSection
	GlobalSection(ExtensibilityGlobals) = postSolution
		SolutionGuid = {427AB64A-28AF-460E-AA5E-1C2029755C83}
	EndGlobalSection
EndGlobal
